
Microsoft Visual Studio Solution File, Format Version 12.00
Project("{FAE04EC0-301F-11D3-BF4B-00C04F79EFBC}") = "NightcoreMod", "NightcoreMod\NightcoreMod.csproj", "{2571DF2B-EC86-48D9-8F01-699741ABDF3B}"
EndProject
Global
	GlobalSection(SolutionConfigurationPlatforms) = preSolution
		Debug|Any CPU = Debug|Any CPU
		Release|Any CPU = Release|Any CPU
	EndGlobalSection
	GlobalSection(ProjectConfigurationPlatforms) = postSolution
		{2571DF2B-EC86-48D9-8F01-699741ABDF3B}.Debug|Any CPU.ActiveCfg = Release|Any CPU
		{2571DF2B-EC86-48D9-8F01-699741ABDF3B}.Debug|Any CPU.Build.0 = Release|Any CPU
		{2571DF2B-EC86-48D9-8F01-699741ABDF3B}.Release|Any CPU.ActiveCfg = Release|Any CPU
		{2571DF2B-EC86-48D9-8F01-699741ABDF3B}.Release|Any CPU.Build.0 = Release|Any CPU
	EndGlobalSection
EndGlobal
